
Microsoft Visual Studio Solution File, Format Version 12.00
# Visual Studio Version 16
VisualStudioVersion = 16.0.32901.82
MinimumVisualStudioVersion = 10.0.40219.1
Project("{9A19103F-16F7-4668-BE54-9A1E7A4F7556}") = "LoginCheckApp", "LoginCheckApp.csproj", "{3334CF30-919F-4428-8240-2AF255CD700F}"
EndProject
Project("{FAE04EC0-301F-11D3-BF4B-00C04F79EFBC}") = "Services", "..\Services\Services.csproj", "{4DE68B22-637E-4324-BF97-5DB50B89D2E6}"
EndProject
Global
	GlobalSection(SolutionConfigurationPlatforms) = preSolution
		Debug|Any CPU = Debug|Any CPU
		Release|Any CPU = Release|Any CPU
	EndGlobalSection
	GlobalSection(ProjectConfigurationPlatforms) = postSolution
		{3334CF30-919F-4428-8240-2AF255CD700F}.Debug|Any CPU.ActiveCfg = Debug|Any CPU
		{3334CF30-919F-4428-8240-2AF255CD700F}.Debug|Any CPU.Build.0 = Debug|Any CPU
		{3334CF30-919F-4428-8240-2AF255CD700F}.Release|Any CPU.ActiveCfg = Release|Any CPU
		{3334CF30-919F-4428-8240-2AF255CD700F}.Release|Any CPU.Build.0 = Release|Any CPU
		{4DE68B22-637E-4324-BF97-5DB50B89D2E6}.Debug|Any CPU.ActiveCfg = Debug|Any CPU
		{4DE68B22-637E-4324-BF97-5DB50B89D2E6}.Debug|Any CPU.Build.0 = Debug|Any CPU
		{4DE68B22-637E-4324-BF97-5DB50B89D2E6}.Release|Any CPU.ActiveCfg = Release|Any CPU
		{4DE68B22-637E-4324-BF97-5DB50B89D2E6}.Release|Any CPU.Build.0 = Release|Any CPU
	EndGlobalSection
	GlobalSection(SolutionProperties) = preSolution
		HideSolutionNode = FALSE
	EndGlobalSection
	GlobalSection(ExtensibilityGlobals) = postSolution
		SolutionGuid = {F04C1E26-1609-420B-82D7-8809FB46D290}
	EndGlobalSection
EndGlobal
